
Microsoft Visual Studio Solution File, Format Version 12.00
# Visual Studio Version 17
VisualStudioVersion = 17.1.32421.90
MinimumVisualStudioVersion = 10.0.40219.1
Project("{FAE04EC0-301F-11D3-BF4B-00C04F79EFBC}") = "NodewarAttendance", "NodewarAttendance.csproj", "{7200BE12-7289-47EE-950B-C4F6458B8B61}"
EndProject
Global
	GlobalSection(SolutionConfigurationPlatforms) = preSolution
		Debug|Any CPU = Debug|Any CPU
		Release|Any CPU = Release|Any CPU
	EndGlobalSection
	GlobalSection(ProjectConfigurationPlatforms) = postSolution
		{7200BE12-7289-47EE-950B-C4F6458B8B61}.Debug|Any CPU.ActiveCfg = Debug|Any CPU
		{7200BE12-7289-47EE-950B-C4F6458B8B61}.Debug|Any CPU.Build.0 = Debug|Any CPU
		{7200BE12-7289-47EE-950B-C4F6458B8B61}.Release|Any CPU.ActiveCfg = Release|Any CPU
		{7200BE12-7289-47EE-950B-C4F6458B8B61}.Release|Any CPU.Build.0 = Release|Any CPU
	EndGlobalSection
	GlobalSection(SolutionProperties) = preSolution
		HideSolutionNode = FALSE
	EndGlobalSection
	GlobalSection(ExtensibilityGlobals) = postSolution
		SolutionGuid = {B6D6F191-C3E5-45F1-9405-A20DE3AFA912}
	EndGlobalSection
EndGlobal
